
Microsoft Visual Studio Solution File, Format Version 12.00
# Visual Studio Version 17
VisualStudioVersion = 17.1.32421.90
MinimumVisualStudioVersion = 10.0.40219.1
Project("{FAE04EC0-301F-11D3-BF4B-00C04F79EFBC}") = "la-mia-pizzeria-static", "la-mia-pizzeria-static.csproj", "{4CD42517-E34C-487F-87D8-6EB875E43F25}"
EndProject
Global
	GlobalSection(SolutionConfigurationPlatforms) = preSolution
		Debug|Any CPU = Debug|Any CPU
		Release|Any CPU = Release|Any CPU
	EndGlobalSection
	GlobalSection(ProjectConfigurationPlatforms) = postSolution
		{4CD42517-E34C-487F-87D8-6EB875E43F25}.Debug|Any CPU.ActiveCfg = Debug|Any CPU
		{4CD42517-E34C-487F-87D8-6EB875E43F25}.Debug|Any CPU.Build.0 = Debug|Any CPU
		{4CD42517-E34C-487F-87D8-6EB875E43F25}.Release|Any CPU.ActiveCfg = Release|Any CPU
		{4CD42517-E34C-487F-87D8-6EB875E43F25}.Release|Any CPU.Build.0 = Release|Any CPU
	EndGlobalSection
	GlobalSection(SolutionProperties) = preSolution
		HideSolutionNode = FALSE
	EndGlobalSection
	GlobalSection(ExtensibilityGlobals) = postSolution
		SolutionGuid = {88DC99F0-A78C-4FBF-9685-5BCF5F1B281E}
	EndGlobalSection
EndGlobal
